
Microsoft Visual Studio Solution File, Format Version 12.00
# Visual Studio Version 17
VisualStudioVersion = 17.3.32929.385
MinimumVisualStudioVersion = 10.0.40219.1
Project("{9A19103F-16F7-4668-BE54-9A1E7A4F7556}") = "Pin.CricketDarts.Web", "Pin.CricketDarts.Web\Pin.CricketDarts.Web.csproj", "{B210927B-74E4-44D7-8C47-62E4C9E766FA}"
EndProject
Project("{9A19103F-16F7-4668-BE54-9A1E7A4F7556}") = "Pin.CricketDarts.Core", "Pin.CricketDarts.Core\Pin.CricketDarts.Core.csproj", "{40B0729D-CD3C-4C88-9DEB-20695DD81E45}"
EndProject
Project("{9A19103F-16F7-4668-BE54-9A1E7A4F7556}") = "Pin.CricketDarts.Infrastructure", "Pin.CricketDarts.Infrastructure\Pin.CricketDarts.Infrastructure.csproj", "{B785123B-265A-4FE9-8205-E32FE477AE1A}"
EndProject
Global
	GlobalSection(SolutionConfigurationPlatforms) = preSolution
		Debug|Any CPU = Debug|Any CPU
		Release|Any CPU = Release|Any CPU
	EndGlobalSection
	GlobalSection(ProjectConfigurationPlatforms) = postSolution
		{B210927B-74E4-44D7-8C47-62E4C9E766FA}.Debug|Any CPU.ActiveCfg = Debug|Any CPU
		{B210927B-74E4-44D7-8C47-62E4C9E766FA}.Debug|Any CPU.Build.0 = Debug|Any CPU
		{B210927B-74E4-44D7-8C47-62E4C9E766FA}.Release|Any CPU.ActiveCfg = Release|Any CPU
		{B210927B-74E4-44D7-8C47-62E4C9E766FA}.Release|Any CPU.Build.0 = Release|Any CPU
		{40B0729D-CD3C-4C88-9DEB-20695DD81E45}.Debug|Any CPU.ActiveCfg = Debug|Any CPU
		{40B0729D-CD3C-4C88-9DEB-20695DD81E45}.Debug|Any CPU.Build.0 = Debug|Any CPU
		{40B0729D-CD3C-4C88-9DEB-20695DD81E45}.Release|Any CPU.ActiveCfg = Release|Any CPU
		{40B0729D-CD3C-4C88-9DEB-20695DD81E45}.Release|Any CPU.Build.0 = Release|Any CPU
		{B785123B-265A-4FE9-8205-E32FE477AE1A}.Debug|Any CPU.ActiveCfg = Debug|Any CPU
		{B785123B-265A-4FE9-8205-E32FE477AE1A}.Debug|Any CPU.Build.0 = Debug|Any CPU
		{B785123B-265A-4FE9-8205-E32FE477AE1A}.Release|Any CPU.ActiveCfg = Release|Any CPU
		{B785123B-265A-4FE9-8205-E32FE477AE1A}.Release|Any CPU.Build.0 = Release|Any CPU
	EndGlobalSection
	GlobalSection(SolutionProperties) = preSolution
		HideSolutionNode = FALSE
	EndGlobalSection
	GlobalSection(ExtensibilityGlobals) = postSolution
		SolutionGuid = {0EDC6FAD-6C51-4A45-99CA-EAA48A1F2F96}
	EndGlobalSection
EndGlobal
